
Microsoft Visual Studio Solution File, Format Version 12.00
# Visual Studio 15
VisualStudioVersion = 15.0.28307.168
MinimumVisualStudioVersion = 10.0.40219.1
Project("{FAE04EC0-301F-11D3-BF4B-00C04F79EFBC}") = "ASPNetFramework_Angular7_EF.WebApi", "ASPNetFramework_Angular7_EF\ASPNetFramework_Angular7_EF.WebApi.csproj", "{A3A3160E-542F-45D3-9396-CC7804DA032C}"
EndProject
Project("{FAE04EC0-301F-11D3-BF4B-00C04F79EFBC}") = "ASPNetFramework_Angular7_EF.Tests", "ASPNetFramework_Angular7_EF.Tests\ASPNetFramework_Angular7_EF.Tests.csproj", "{11223EBB-8C9B-4C42-9579-0CA837E7A3C9}"
EndProject
Project("{2150E333-8FDC-42A3-9474-1A3956D46DE8}") = "01_UI", "01_UI", "{2E7BB298-E8A9-42B6-9219-544D79AD0724}"
EndProject
Project("{2150E333-8FDC-42A3-9474-1A3956D46DE8}") = "02_WebApi", "02_WebApi", "{935310F2-546F-4C87-B164-488D6554CCC8}"
EndProject
Project("{2150E333-8FDC-42A3-9474-1A3956D46DE8}") = "03_Business", "03_Business", "{006EB914-3545-4633-8896-602C574B2460}"
EndProject
Project("{FAE04EC0-301F-11D3-BF4B-00C04F79EFBC}") = "ASPNetFramework_Angular7_EF.Business", "ASPNetFramework_Angular7_EF.Business\ASPNetFramework_Angular7_EF.Business.csproj", "{F138961C-7A3E-49A1-8E06-6B63AA2B75AC}"
EndProject
Project("{2150E333-8FDC-42A3-9474-1A3956D46DE8}") = "04_Data", "04_Data", "{DC2C6DE5-CFF1-4167-B56C-1332C9B70A60}"
EndProject
Project("{2150E333-8FDC-42A3-9474-1A3956D46DE8}") = "05_Domain", "05_Domain", "{76EDFAC3-5040-454C-9B03-532E8BE05C34}"
EndProject
Project("{FAE04EC0-301F-11D3-BF4B-00C04F79EFBC}") = "ASPNetFramework_Angular7_EF.Data", "ASPNetFramework_Angular7_EF.Data\ASPNetFramework_Angular7_EF.Data.csproj", "{8FA7E2B7-E45F-41F6-8A73-4BBA359EBD61}"
EndProject
Project("{FAE04EC0-301F-11D3-BF4B-00C04F79EFBC}") = "ASPNetFramework_Angular7_EF.Domain", "ASPNetFramework_Angular7_EF.Domain\ASPNetFramework_Angular7_EF.Domain.csproj", "{A23E1DE1-30A7-4A2A-B0E3-FA38C421854A}"
EndProject
Project("{2150E333-8FDC-42A3-9474-1A3956D46DE8}") = "06_Test", "06_Test", "{2E53037E-3F7C-4419-A692-5217333839BA}"
EndProject
Project("{FAE04EC0-301F-11D3-BF4B-00C04F79EFBC}") = "ASPNetFramework_Angular7_EF.UI", "ASPNetFramework_Angular7_EF.UI\ASPNetFramework_Angular7_EF.UI.csproj", "{1F48FC6A-AEB3-4A33-BEB5-EC0A9B0D7BE8}"
EndProject
Global
	GlobalSection(SolutionConfigurationPlatforms) = preSolution
		Debug|Any CPU = Debug|Any CPU
		Release|Any CPU = Release|Any CPU
	EndGlobalSection
	GlobalSection(ProjectConfigurationPlatforms) = postSolution
		{A3A3160E-542F-45D3-9396-CC7804DA032C}.Debug|Any CPU.ActiveCfg = Debug|Any CPU
		{A3A3160E-542F-45D3-9396-CC7804DA032C}.Debug|Any CPU.Build.0 = Debug|Any CPU
		{A3A3160E-542F-45D3-9396-CC7804DA032C}.Release|Any CPU.ActiveCfg = Release|Any CPU
		{A3A3160E-542F-45D3-9396-CC7804DA032C}.Release|Any CPU.Build.0 = Release|Any CPU
		{11223EBB-8C9B-4C42-9579-0CA837E7A3C9}.Debug|Any CPU.ActiveCfg = Debug|Any CPU
		{11223EBB-8C9B-4C42-9579-0CA837E7A3C9}.Debug|Any CPU.Build.0 = Debug|Any CPU
		{11223EBB-8C9B-4C42-9579-0CA837E7A3C9}.Release|Any CPU.ActiveCfg = Release|Any CPU
		{11223EBB-8C9B-4C42-9579-0CA837E7A3C9}.Release|Any CPU.Build.0 = Release|Any CPU
		{F138961C-7A3E-49A1-8E06-6B63AA2B75AC}.Debug|Any CPU.ActiveCfg = Debug|Any CPU
		{F138961C-7A3E-49A1-8E06-6B63AA2B75AC}.Debug|Any CPU.Build.0 = Debug|Any CPU
		{F138961C-7A3E-49A1-8E06-6B63AA2B75AC}.Release|Any CPU.ActiveCfg = Release|Any CPU
		{F138961C-7A3E-49A1-8E06-6B63AA2B75AC}.Release|Any CPU.Build.0 = Release|Any CPU
		{8FA7E2B7-E45F-41F6-8A73-4BBA359EBD61}.Debug|Any CPU.ActiveCfg = Debug|Any CPU
		{8FA7E2B7-E45F-41F6-8A73-4BBA359EBD61}.Debug|Any CPU.Build.0 = Debug|Any CPU
		{8FA7E2B7-E45F-41F6-8A73-4BBA359EBD61}.Release|Any CPU.ActiveCfg = Release|Any CPU
		{8FA7E2B7-E45F-41F6-8A73-4BBA359EBD61}.Release|Any CPU.Build.0 = Release|Any CPU
		{A23E1DE1-30A7-4A2A-B0E3-FA38C421854A}.Debug|Any CPU.ActiveCfg = Debug|Any CPU
		{A23E1DE1-30A7-4A2A-B0E3-FA38C421854A}.Debug|Any CPU.Build.0 = Debug|Any CPU
		{A23E1DE1-30A7-4A2A-B0E3-FA38C421854A}.Release|Any CPU.ActiveCfg = Release|Any CPU
		{A23E1DE1-30A7-4A2A-B0E3-FA38C421854A}.Release|Any CPU.Build.0 = Release|Any CPU
		{1F48FC6A-AEB3-4A33-BEB5-EC0A9B0D7BE8}.Debug|Any CPU.ActiveCfg = Debug|Any CPU
		{1F48FC6A-AEB3-4A33-BEB5-EC0A9B0D7BE8}.Debug|Any CPU.Build.0 = Debug|Any CPU
		{1F48FC6A-AEB3-4A33-BEB5-EC0A9B0D7BE8}.Release|Any CPU.ActiveCfg = Release|Any CPU
		{1F48FC6A-AEB3-4A33-BEB5-EC0A9B0D7BE8}.Release|Any CPU.Build.0 = Release|Any CPU
	EndGlobalSection
	GlobalSection(SolutionProperties) = preSolution
		HideSolutionNode = FALSE
	EndGlobalSection
	GlobalSection(NestedProjects) = preSolution
		{A3A3160E-542F-45D3-9396-CC7804DA032C} = {935310F2-546F-4C87-B164-488D6554CCC8}
		{11223EBB-8C9B-4C42-9579-0CA837E7A3C9} = {2E53037E-3F7C-4419-A692-5217333839BA}
		{F138961C-7A3E-49A1-8E06-6B63AA2B75AC} = {006EB914-3545-4633-8896-602C574B2460}
		{8FA7E2B7-E45F-41F6-8A73-4BBA359EBD61} = {DC2C6DE5-CFF1-4167-B56C-1332C9B70A60}
		{A23E1DE1-30A7-4A2A-B0E3-FA38C421854A} = {76EDFAC3-5040-454C-9B03-532E8BE05C34}
		{1F48FC6A-AEB3-4A33-BEB5-EC0A9B0D7BE8} = {2E7BB298-E8A9-42B6-9219-544D79AD0724}
	EndGlobalSection
	GlobalSection(ExtensibilityGlobals) = postSolution
		SolutionGuid = {19B725D1-7A2C-4EB0-A9E0-611C5BB28582}
	EndGlobalSection
EndGlobal
